
Microsoft Visual Studio Solution File, Format Version 12.00
# Visual Studio 2013
VisualStudioVersion = 12.0.31101.0
MinimumVisualStudioVersion = 10.0.40219.1
Project("{FAE04EC0-301F-11D3-BF4B-00C04F79EFBC}") = "IniParserLTK", "IniParser\IniParserLTK.csproj", "{E10DE823-B559-4407-AB1D-137CB75C102A}"
EndProject
Project("{FAE04EC0-301F-11D3-BF4B-00C04F79EFBC}") = "Tests", "Tests\Tests.csproj", "{11E70D1E-975E-48A8-A36D-FC4741BA43CD}"
EndProject
Global
	GlobalSection(SolutionConfigurationPlatforms) = preSolution
		Debug|Any CPU = Debug|Any CPU
		Debug|ARM = Debug|ARM
		Debug|x64 = Debug|x64
		Debug|x86 = Debug|x86
		Release|Any CPU = Release|Any CPU
		Release|ARM = Release|ARM
		Release|x64 = Release|x64
		Release|x86 = Release|x86
	EndGlobalSection
	GlobalSection(ProjectConfigurationPlatforms) = postSolution
		{E10DE823-B559-4407-AB1D-137CB75C102A}.Debug|Any CPU.ActiveCfg = Debug|Any CPU
		{E10DE823-B559-4407-AB1D-137CB75C102A}.Debug|Any CPU.Build.0 = Debug|Any CPU
		{E10DE823-B559-4407-AB1D-137CB75C102A}.Debug|ARM.ActiveCfg = Debug|Any CPU
		{E10DE823-B559-4407-AB1D-137CB75C102A}.Debug|x64.ActiveCfg = Debug|Any CPU
		{E10DE823-B559-4407-AB1D-137CB75C102A}.Debug|x86.ActiveCfg = Debug|Any CPU
		{E10DE823-B559-4407-AB1D-137CB75C102A}.Release|Any CPU.ActiveCfg = Release|Any CPU
		{E10DE823-B559-4407-AB1D-137CB75C102A}.Release|Any CPU.Build.0 = Release|Any CPU
		{E10DE823-B559-4407-AB1D-137CB75C102A}.Release|ARM.ActiveCfg = Release|Any CPU
		{E10DE823-B559-4407-AB1D-137CB75C102A}.Release|x64.ActiveCfg = Release|Any CPU
		{E10DE823-B559-4407-AB1D-137CB75C102A}.Release|x86.ActiveCfg = Release|Any CPU
		{11E70D1E-975E-48A8-A36D-FC4741BA43CD}.Debug|Any CPU.ActiveCfg = Debug|Any CPU
		{11E70D1E-975E-48A8-A36D-FC4741BA43CD}.Debug|Any CPU.Build.0 = Debug|Any CPU
		{11E70D1E-975E-48A8-A36D-FC4741BA43CD}.Debug|ARM.ActiveCfg = Debug|Any CPU
		{11E70D1E-975E-48A8-A36D-FC4741BA43CD}.Debug|x64.ActiveCfg = Debug|Any CPU
		{11E70D1E-975E-48A8-A36D-FC4741BA43CD}.Debug|x86.ActiveCfg = Debug|Any CPU
		{11E70D1E-975E-48A8-A36D-FC4741BA43CD}.Release|Any CPU.ActiveCfg = Release|Any CPU
		{11E70D1E-975E-48A8-A36D-FC4741BA43CD}.Release|Any CPU.Build.0 = Release|Any CPU
		{11E70D1E-975E-48A8-A36D-FC4741BA43CD}.Release|ARM.ActiveCfg = Release|Any CPU
		{11E70D1E-975E-48A8-A36D-FC4741BA43CD}.Release|x64.ActiveCfg = Release|Any CPU
		{11E70D1E-975E-48A8-A36D-FC4741BA43CD}.Release|x86.ActiveCfg = Release|Any CPU
	EndGlobalSection
	GlobalSection(SolutionProperties) = preSolution
		HideSolutionNode = FALSE
	EndGlobalSection
EndGlobal
